
Microsoft Visual Studio Solution File, Format Version 12.00
# Visual Studio Version 16
VisualStudioVersion = 16.0.30804.86
MinimumVisualStudioVersion = 10.0.40219.1
Project("{9A19103F-16F7-4668-BE54-9A1E7A4F7556}") = "KampIntro", "KampIntro\KampIntro.csproj", "{1D3BC929-E2B8-436A-9003-5E9E96B67C25}"
EndProject
Project("{9A19103F-16F7-4668-BE54-9A1E7A4F7556}") = "ClassIntro", "ClassIntro\ClassIntro.csproj", "{2101D686-DA65-48A0-81E2-9D74E3547601}"
EndProject
Project("{9A19103F-16F7-4668-BE54-9A1E7A4F7556}") = "Methodlar", "Methodlar\Methodlar.csproj", "{54D0E7F8-01B5-4D71-BDAF-498CA1517840}"
EndProject
Project("{9A19103F-16F7-4668-BE54-9A1E7A4F7556}") = "Matematik", "Matematik\Matematik.csproj", "{4708732E-EA49-40BB-9746-0D23B9C005B8}"
EndProject
Project("{9A19103F-16F7-4668-BE54-9A1E7A4F7556}") = "TypesAndVeriables", "TypesAndVeriables\TypesAndVeriables.csproj", "{92EB347F-4536-4BBE-B3F5-170899518F0D}"
EndProject
Project("{9A19103F-16F7-4668-BE54-9A1E7A4F7556}") = "ClassMethodDemo", "ClassMethodDemo\ClassMethodDemo.csproj", "{BB7FB611-0C81-4998-82AC-6D2B75B85B46}"
EndProject
Project("{FAE04EC0-301F-11D3-BF4B-00C04F79EFBC}") = "OOP1", "OOP1\OOP1.csproj", "{A1C6A4CD-EF7D-4976-B4BA-B9560598AA86}"
EndProject
Project("{FAE04EC0-301F-11D3-BF4B-00C04F79EFBC}") = "Collections", "Collections\Collections.csproj", "{D143EF8E-695B-4BE0-92CF-DE538E8AAE81}"
EndProject
Project("{FAE04EC0-301F-11D3-BF4B-00C04F79EFBC}") = "GenericsIntro", "GenericsIntro\GenericsIntro.csproj", "{067F4A0C-C3B8-4FB4-8C03-A7831CAFC866}"
EndProject
Global
	GlobalSection(SolutionConfigurationPlatforms) = preSolution
		Debug|Any CPU = Debug|Any CPU
		Release|Any CPU = Release|Any CPU
	EndGlobalSection
	GlobalSection(ProjectConfigurationPlatforms) = postSolution
		{1D3BC929-E2B8-436A-9003-5E9E96B67C25}.Debug|Any CPU.ActiveCfg = Debug|Any CPU
		{1D3BC929-E2B8-436A-9003-5E9E96B67C25}.Debug|Any CPU.Build.0 = Debug|Any CPU
		{1D3BC929-E2B8-436A-9003-5E9E96B67C25}.Release|Any CPU.ActiveCfg = Release|Any CPU
		{1D3BC929-E2B8-436A-9003-5E9E96B67C25}.Release|Any CPU.Build.0 = Release|Any CPU
		{2101D686-DA65-48A0-81E2-9D74E3547601}.Debug|Any CPU.ActiveCfg = Debug|Any CPU
		{2101D686-DA65-48A0-81E2-9D74E3547601}.Debug|Any CPU.Build.0 = Debug|Any CPU
		{2101D686-DA65-48A0-81E2-9D74E3547601}.Release|Any CPU.ActiveCfg = Release|Any CPU
		{2101D686-DA65-48A0-81E2-9D74E3547601}.Release|Any CPU.Build.0 = Release|Any CPU
		{54D0E7F8-01B5-4D71-BDAF-498CA1517840}.Debug|Any CPU.ActiveCfg = Debug|Any CPU
		{54D0E7F8-01B5-4D71-BDAF-498CA1517840}.Debug|Any CPU.Build.0 = Debug|Any CPU
		{54D0E7F8-01B5-4D71-BDAF-498CA1517840}.Release|Any CPU.ActiveCfg = Release|Any CPU
		{54D0E7F8-01B5-4D71-BDAF-498CA1517840}.Release|Any CPU.Build.0 = Release|Any CPU
		{4708732E-EA49-40BB-9746-0D23B9C005B8}.Debug|Any CPU.ActiveCfg = Debug|Any CPU
		{4708732E-EA49-40BB-9746-0D23B9C005B8}.Debug|Any CPU.Build.0 = Debug|Any CPU
		{4708732E-EA49-40BB-9746-0D23B9C005B8}.Release|Any CPU.ActiveCfg = Release|Any CPU
		{4708732E-EA49-40BB-9746-0D23B9C005B8}.Release|Any CPU.Build.0 = Release|Any CPU
		{92EB347F-4536-4BBE-B3F5-170899518F0D}.Debug|Any CPU.ActiveCfg = Debug|Any CPU
		{92EB347F-4536-4BBE-B3F5-170899518F0D}.Debug|Any CPU.Build.0 = Debug|Any CPU
		{92EB347F-4536-4BBE-B3F5-170899518F0D}.Release|Any CPU.ActiveCfg = Release|Any CPU
		{92EB347F-4536-4BBE-B3F5-170899518F0D}.Release|Any CPU.Build.0 = Release|Any CPU
		{BB7FB611-0C81-4998-82AC-6D2B75B85B46}.Debug|Any CPU.ActiveCfg = Debug|Any CPU
		{BB7FB611-0C81-4998-82AC-6D2B75B85B46}.Debug|Any CPU.Build.0 = Debug|Any CPU
		{BB7FB611-0C81-4998-82AC-6D2B75B85B46}.Release|Any CPU.ActiveCfg = Release|Any CPU
		{BB7FB611-0C81-4998-82AC-6D2B75B85B46}.Release|Any CPU.Build.0 = Release|Any CPU
		{A1C6A4CD-EF7D-4976-B4BA-B9560598AA86}.Debug|Any CPU.ActiveCfg = Debug|Any CPU
		{A1C6A4CD-EF7D-4976-B4BA-B9560598AA86}.Debug|Any CPU.Build.0 = Debug|Any CPU
		{A1C6A4CD-EF7D-4976-B4BA-B9560598AA86}.Release|Any CPU.ActiveCfg = Release|Any CPU
		{A1C6A4CD-EF7D-4976-B4BA-B9560598AA86}.Release|Any CPU.Build.0 = Release|Any CPU
		{D143EF8E-695B-4BE0-92CF-DE538E8AAE81}.Debug|Any CPU.ActiveCfg = Debug|Any CPU
		{D143EF8E-695B-4BE0-92CF-DE538E8AAE81}.Debug|Any CPU.Build.0 = Debug|Any CPU
		{D143EF8E-695B-4BE0-92CF-DE538E8AAE81}.Release|Any CPU.ActiveCfg = Release|Any CPU
		{D143EF8E-695B-4BE0-92CF-DE538E8AAE81}.Release|Any CPU.Build.0 = Release|Any CPU
		{067F4A0C-C3B8-4FB4-8C03-A7831CAFC866}.Debug|Any CPU.ActiveCfg = Debug|Any CPU
		{067F4A0C-C3B8-4FB4-8C03-A7831CAFC866}.Debug|Any CPU.Build.0 = Debug|Any CPU
		{067F4A0C-C3B8-4FB4-8C03-A7831CAFC866}.Release|Any CPU.ActiveCfg = Release|Any CPU
		{067F4A0C-C3B8-4FB4-8C03-A7831CAFC866}.Release|Any CPU.Build.0 = Release|Any CPU
	EndGlobalSection
	GlobalSection(SolutionProperties) = preSolution
		HideSolutionNode = FALSE
	EndGlobalSection
	GlobalSection(ExtensibilityGlobals) = postSolution
		SolutionGuid = {FC42EC91-480A-45F2-9E4E-449B09F455E5}
	EndGlobalSection
EndGlobal
